
Microsoft Visual Studio Solution File, Format Version 12.00
# Visual Studio 15
VisualStudioVersion = 15.0.27428.2015
MinimumVisualStudioVersion = 10.0.40219.1
Project("{FAE04EC0-301F-11D3-BF4B-00C04F79EFBC}") = "WebApiexample", "WebApiexample\WebApiexample.csproj", "{62EC1EFB-CF94-4BAB-992C-D210E0CD8BCB}"
EndProject
Global
	GlobalSection(SolutionConfigurationPlatforms) = preSolution
		Debug|Any CPU = Debug|Any CPU
		Release|Any CPU = Release|Any CPU
	EndGlobalSection
	GlobalSection(ProjectConfigurationPlatforms) = postSolution
		{62EC1EFB-CF94-4BAB-992C-D210E0CD8BCB}.Debug|Any CPU.ActiveCfg = Debug|Any CPU
		{62EC1EFB-CF94-4BAB-992C-D210E0CD8BCB}.Debug|Any CPU.Build.0 = Debug|Any CPU
		{62EC1EFB-CF94-4BAB-992C-D210E0CD8BCB}.Release|Any CPU.ActiveCfg = Release|Any CPU
		{62EC1EFB-CF94-4BAB-992C-D210E0CD8BCB}.Release|Any CPU.Build.0 = Release|Any CPU
	EndGlobalSection
	GlobalSection(SolutionProperties) = preSolution
		HideSolutionNode = FALSE
	EndGlobalSection
	GlobalSection(ExtensibilityGlobals) = postSolution
		SolutionGuid = {DCA03F94-DD6C-4C32-93F6-4C97C5B94C8F}
	EndGlobalSection
EndGlobal
